// !$*UTF8*$!
{
	archiveVersion = 1;
	classes = {
	};
	objectVersion = 77;
	objects = {

/* Begin PBXContainerItemProxy section */
		0569E5382CBF9214003E1F50 /* PBXContainerItemProxy */ = {
			isa = PBXContainerItemProxy;
			containerPortal = 0569E5192CBF9213003E1F50 /* Project object */;
			proxyType = 1;
			remoteGlobalIDString = 0569E5202CBF9213003E1F50;
			remoteInfo = calculatorImplementation;
		};
		0569E5422CBF9214003E1F50 /* PBXContainerItemProxy */ = {
			isa = PBXContainerItemProxy;
			containerPortal = 0569E5192CBF9213003E1F50 /* Project object */;
			proxyType = 1;
			remoteGlobalIDString = 0569E5202CBF9213003E1F50;
			remoteInfo = calculatorImplementation;
		};
/* End PBXContainerItemProxy section */

/* Begin PBXFileReference section */
		0569E5212CBF9213003E1F50 /* calculatorImplementation.app */ = {isa = PBXFileReference; explicitFileType = wrapper.application; includeInIndex = 0; path = calculatorImplementation.app; sourceTree = BUILT_PRODUCTS_DIR; };
		0569E5372CBF9214003E1F50 /* calculatorImplementationTests.xctest */ = {isa = PBXFileReference; explicitFileType = wrapper.cfbundle; includeInIndex = 0; path = calculatorImplementationTests.xctest; sourceTree = BUILT_PRODUCTS_DIR; };
		0569E5412CBF9214003E1F50 /* calculatorImplementationUITests.xctest */ = {isa = PBXFileReference; explicitFileType = wrapper.cfbundle; includeInIndex = 0; path = calculatorImplementationUITests.xctest; sourceTree = BUILT_PRODUCTS_DIR; };
/* End PBXFileReference section */

/* Begin PBXFileSystemSynchronizedBuildFileExceptionSet section */
		0569E5492CBF9214003E1F50 /* Exceptions for "calculatorImplementation" folder in "calculatorImplementation" target */ = {
			isa = PBXFileSystemSynchronizedBuildFileExceptionSet;
			membershipExceptions = (
				Info.plist,
			);
			target = 0569E5202CBF9213003E1F50 /* calculatorImplementation */;
		};
/* End PBXFileSystemSynchronizedBuildFileExceptionSet section */

/* Begin PBXFileSystemSynchronizedRootGroup section */
		0569E5232CBF9213003E1F50 /* calculatorImplementation */ = {
			isa = PBXFileSystemSynchronizedRootGroup;
			exceptions = (
				0569E5492CBF9214003E1F50 /* Exceptions for "calculatorImplementation" folder in "calculatorImplementation" target */,
			);
			path = calculatorImplementation;
			sourceTree = "<group>";
		};
		0569E53A2CBF9214003E1F50 /* calculatorImplementationTests */ = {
			isa = PBXFileSystemSynchronizedRootGroup;
			path = calculatorImplementationTests;
			sourceTree = "<group>";
		};
		0569E5442CBF9214003E1F50 /* calculatorImplementationUITests */ = {
			isa = PBXFileSystemSynchronizedRootGroup;
			path = calculatorImplementationUITests;
			sourceTree = "<group>";
		};
/* End PBXFileSystemSynchronizedRootGroup section */

/* Begin PBXFrameworksBuildPhase section */
		0569E51E2CBF9213003E1F50 /* Frameworks */ = {
			isa = PBXFrameworksBuildPhase;
			buildActionMask = 2147483647;
			files = (
			);
			runOnlyForDeploymentPostprocessing = 0;
		};
		0569E5342CBF9214003E1F50 /* Frameworks */ = {
			isa = PBXFrameworksBuildPhase;
			buildActionMask = 2147483647;
			files = (
			);
			runOnlyForDeploymentPostprocessing = 0;
		};
		0569E53E2CBF9214003E1F50 /* Frameworks */ = {
			isa = PBXFrameworksBuildPhase;
			buildActionMask = 2147483647;
			files = (
			);
			runOnlyForDeploymentPostprocessing = 0;
		};
/* End PBXFrameworksBuildPhase section */

/* Begin PBXGroup section */
		0569E5182CBF9213003E1F50 = {
			isa = PBXGroup;
			children = (
				0569E5232CBF9213003E1F50 /* calculatorImplementation */,
				0569E53A2CBF9214003E1F50 /* calculatorImplementationTests */,
				0569E5442CBF9214003E1F50 /* calculatorImplementationUITests */,
				0569E5222CBF9213003E1F50 /* Products */,
			);
			sourceTree = "<group>";
		};
		0569E5222CBF9213003E1F50 /* Products */ = {
			isa = PBXGroup;
			children = (
				0569E5212CBF9213003E1F50 /* calculatorImplementation.app */,
				0569E5372CBF9214003E1F50 /* calculatorImplementationTests.xctest */,
				0569E5412CBF9214003E1F50 /* calculatorImplementationUITests.xctest */,
			);
			name = Products;
			sourceTree = "<group>";
		};
/* End PBXGroup section */

/* Begin PBXNativeTarget section */
		0569E5202CBF9213003E1F50 /* calculatorImplementation */ = {
			isa = PBXNativeTarget;
			buildConfigurationList = 0569E54A2CBF9214003E1F50 /* Build configuration list for PBXNativeTarget "calculatorImplementation" */;
			buildPhases = (
				0569E51D2CBF9213003E1F50 /* Sources */,
				0569E51E2CBF9213003E1F50 /* Frameworks */,
				0569E51F2CBF9213003E1F50 /* Resources */,
			);
			buildRules = (
			);
			dependencies = (
			);
			fileSystemSynchronizedGroups = (
				0569E5232CBF9213003E1F50 /* calculatorImplementation */,
			);
			name = calculatorImplementation;
			packageProductDependencies = (
			);
			productName = calculatorImplementation;
			productReference = 0569E5212CBF9213003E1F50 /* calculatorImplementation.app */;
			productType = "com.apple.product-type.application";
		};
		0569E5362CBF9214003E1F50 /* calculatorImplementationTests */ = {
			isa = PBXNativeTarget;
			buildConfigurationList = 0569E54F2CBF9214003E1F50 /* Build configuration list for PBXNativeTarget "calculatorImplementationTests" */;
			buildPhases = (
				0569E5332CBF9214003E1F50 /* Sources */,
				0569E5342CBF9214003E1F50 /* Frameworks */,
				0569E5352CBF9214003E1F50 /* Resources */,
			);
			buildRules = (
			);
			dependencies = (
				0569E5392CBF9214003E1F50 /* PBXTargetDependency */,
			);
			fileSystemSynchronizedGroups = (
				0569E53A2CBF9214003E1F50 /* calculatorImplementationTests */,
			);
			name = calculatorImplementationTests;
			packageProductDependencies = (
			);
			productName = calculatorImplementationTests;
			productReference = 0569E5372CBF9214003E1F50 /* calculatorImplementationTests.xctest */;
			productType = "com.apple.product-type.bundle.unit-test";
		};
		0569E5402CBF9214003E1F50 /* calculatorImplementationUITests */ = {
			isa = PBXNativeTarget;
			buildConfigurationList = 0569E5522CBF9214003E1F50 /* Build configuration list for PBXNativeTarget "calculatorImplementationUITests" */;
			buildPhases = (
				0569E53D2CBF9214003E1F50 /* Sources */,
				0569E53E2CBF9214003E1F50 /* Frameworks */,
				0569E53F2CBF9214003E1F50 /* Resources */,
			);
			buildRules = (
			);
			dependencies = (
				0569E5432CBF9214003E1F50 /* PBXTargetDependency */,
			);
			fileSystemSynchronizedGroups = (
				0569E5442CBF9214003E1F50 /* calculatorImplementationUITests */,
			);
			name = calculatorImplementationUITests;
			packageProductDependencies = (
			);
			productName = calculatorImplementationUITests;
			productReference = 0569E5412CBF9214003E1F50 /* calculatorImplementationUITests.xctest */;
			productType = "com.apple.product-type.bundle.ui-testing";
		};
/* End PBXNativeTarget section */

/* Begin PBXProject section */
		0569E5192CBF9213003E1F50 /* Project object */ = {
			isa = PBXProject;
			attributes = {
				BuildIndependentTargetsInParallel = 1;
				LastSwiftUpdateCheck = 1600;
				LastUpgradeCheck = 1600;
				TargetAttributes = {
					0569E5202CBF9213003E1F50 = {
						CreatedOnToolsVersion = 16.0;
					};
					0569E5362CBF9214003E1F50 = {
						CreatedOnToolsVersion = 16.0;
						TestTargetID = 0569E5202CBF9213003E1F50;
					};
					0569E5402CBF9214003E1F50 = {
						CreatedOnToolsVersion = 16.0;
						TestTargetID = 0569E5202CBF9213003E1F50;
					};
				};
			};
			buildConfigurationList = 0569E51C2CBF9213003E1F50 /* Build configuration list for PBXProject "calculatorImplementation" */;
			developmentRegion = en;
			hasScannedForEncodings = 0;
			knownRegions = (
				en,
				Base,
			);
			mainGroup = 0569E5182CBF9213003E1F50;
			minimizedProjectReferenceProxies = 1;
			preferredProjectObjectVersion = 77;
			productRefGroup = 0569E5222CBF9213003E1F50 /* Products */;
			projectDirPath = "";
			projectRoot = "";
			targets = (
				0569E5202CBF9213003E1F50 /* calculatorImplementation */,
				0569E5362CBF9214003E1F50 /* calculatorImplementationTests */,
				0569E5402CBF9214003E1F50 /* calculatorImplementationUITests */,
			);
		};
/* End PBXProject section */

/* Begin PBXResourcesBuildPhase section */
		0569E51F2CBF9213003E1F50 /* Resources */ = {
			isa = PBXResourcesBuildPhase;
			buildActionMask = 2147483647;
			files = (
			);
			runOnlyForDeploymentPostprocessing = 0;
		};
		0569E5352CBF9214003E1F50 /* Resources */ = {
			isa = PBXResourcesBuildPhase;
			buildActionMask = 2147483647;
			files = (
			);
			runOnlyForDeploymentPostprocessing = 0;
		};
		0569E53F2CBF9214003E1F50 /* Resources */ = {
			isa = PBXResourcesBuildPhase;
			buildActionMask = 2147483647;
			files = (
			);
			runOnlyForDeploymentPostprocessing = 0;
		};
/* End PBXResourcesBuildPhase section */

/* Begin PBXSourcesBuildPhase section */
		0569E51D2CBF9213003E1F50 /* Sources */ = {
			isa = PBXSourcesBuildPhase;
			buildActionMask = 2147483647;
			files = (
			);
			runOnlyForDeploymentPostprocessing = 0;
		};
		0569E5332CBF9214003E1F50 /* Sources */ = {
			isa = PBXSourcesBuildPhase;
			buildActionMask = 2147483647;
			files = (
			);
			runOnlyForDeploymentPostprocessing = 0;
		};
		0569E53D2CBF9214003E1F50 /* Sources */ = {
			isa = PBXSourcesBuildPhase;
			buildActionMask = 2147483647;
			files = (
			);
			runOnlyForDeploymentPostprocessing = 0;
		};
/* End PBXSourcesBuildPhase section */

/* Begin PBXTargetDependency section */
		0569E5392CBF9214003E1F50 /* PBXTargetDependency */ = {
			isa = PBXTargetDependency;
			target = 0569E5202CBF9213003E1F50 /* calculatorImplementation */;
			targetProxy = 0569E5382CBF9214003E1F50 /* PBXContainerItemProxy */;
		};
		0569E5432CBF9214003E1F50 /* PBXTargetDependency */ = {
			isa = PBXTargetDependency;
			target = 0569E5202CBF9213003E1F50 /* calculatorImplementation */;
			targetProxy = 0569E5422CBF9214003E1F50 /* PBXContainerItemProxy */;
		};
/* End PBXTargetDependency section */

/* Begin XCBuildConfiguration section */
		0569E54B2CBF9214003E1F50 /* Debug */ = {
			isa = XCBuildConfiguration;
			buildSettings = {
				ASSETCATALOG_COMPILER_APPICON_NAME = AppIcon;
				ASSETCATALOG_COMPILER_GLOBAL_ACCENT_COLOR_NAME = AccentColor;
				CODE_SIGN_STYLE = Automatic;
				CURRENT_PROJECT_VERSION = 1;
				GENERATE_INFOPLIST_FILE = YES;
				INFOPLIST_FILE = calculatorImplementation/Info.plist;
				INFOPLIST_KEY_UIApplicationSupportsIndirectInputEvents = YES;
				INFOPLIST_KEY_UILaunchStoryboardName = LaunchScreen;
				INFOPLIST_KEY_UIMainStoryboardFile = Main;
				INFOPLIST_KEY_UISupportedInterfaceOrientations_iPad = "UIInterfaceOrientationPortrait UIInterfaceOrientationPortraitUpsideDown UIInterfaceOrientationLandscapeLeft UIInterfaceOrientationLandscapeRight";
				INFOPLIST_KEY_UISupportedInterfaceOrientations_iPhone = "UIInterfaceOrientationPortrait UIInterfaceOrientationLandscapeLeft UIInterfaceOrientationLandscapeRight";
				LD_RUNPATH_SEARCH_PATHS = (
					"$(inherited)",
					"@executable_path/Frameworks",
				);
				MARKETING_VERSION = 1.0;
				PRODUCT_BUNDLE_IDENTIFIER = com.example.calculatorImplementation;
				PRODUCT_NAME = "$(TARGET_NAME)";
				SWIFT_EMIT_LOC_STRINGS = YES;
				SWIFT_VERSION = 5.0;
				TARGETED_DEVICE_FAMILY = "1,2";
			};
			name = Debug;
		};
		0569E54C2CBF9214003E1F50 /* Release */ = {
			isa = XCBuildConfiguration;
			buildSettings = {
				ASSETCATALOG_COMPILER_APPICON_NAME = AppIcon;
				ASSETCATALOG_COMPILER_GLOBAL_ACCENT_COLOR_NAME = AccentColor;
				CODE_SIGN_STYLE = Automatic;
				CURRENT_PROJECT_VERSION = 1;
				GENERATE_INFOPLIST_FILE = YES;
				INFOPLIST_FILE = calculatorImplementation/Info.plist;
				INFOPLIST_KEY_UIApplicationSupportsIndirectInputEvents = YES;
				INFOPLIST_KEY_UILaunchStoryboardName = LaunchScreen;
				INFOPLIST_KEY_UIMainStoryboardFile = Main;
				INFOPLIST_KEY_UISupportedInterfaceOrientations_iPad = "UIInterfaceOrientationPortrait UIInterfaceOrientationPortraitUpsideDown UIInterfaceOrientationLandscapeLeft UIInterfaceOrientationLandscapeRight";
				INFOPLIST_KEY_UISupportedInterfaceOrientations_iPhone = "UIInterfaceOrientationPortrait UIInterfaceOrientationLandscapeLeft UIInterfaceOrientationLandscapeRight";
				LD_RUNPATH_SEARCH_PATHS = (
					"$(inherited)",
					"@executable_path/Frameworks",
				);
				MARKETING_VERSION = 1.0;
				PRODUCT_BUNDLE_IDENTIFIER = com.example.calculatorImplementation;
				PRODUCT_NAME = "$(TARGET_NAME)";
				SWIFT_EMIT_LOC_STRINGS = YES;
				SWIFT_VERSION = 5.0;
				TARGETED_DEVICE_FAMILY = "1,2";
			};
			name = Release;
		};
		0569E54D2CBF9214003E1F50 /* Debug */ = {
			isa = XCBuildConfiguration;
			buildSettings = {
				ALWAYS_SEARCH_USER_PATHS = NO;
				ASSETCATALOG_COMPILER_GENERATE_SWIFT_ASSET_SYMBOL_EXTENSIONS = YES;
				CLANG_ANALYZER_NONNULL = YES;
				CLANG_ANALYZER_NUMBER_OBJECT_CONVERSION = YES_AGGRESSIVE;
				CLANG_CXX_LANGUAGE_STANDARD = "gnu++20";
				CLANG_ENABLE_MODULES = YES;
				CLANG_ENABLE_OBJC_ARC = YES;
				CLANG_ENABLE_OBJC_WEAK = YES;
				CLANG_WARN_BLOCK_CAPTURE_AUTORELEASING = YES;
				CLANG_WARN_BOOL_CONVERSION = YES;
				CLANG_WARN_COMMA = YES;
				CLANG_WARN_CONSTANT_CONVERSION = YES;
				CLANG_WARN_DEPRECATED_OBJC_IMPLEMENTATIONS = YES;
				CLANG_WARN_DIRECT_OBJC_ISA_USAGE = YES_ERROR;
				CLANG_WARN_DOCUMENTATION_COMMENTS = YES;
				CLANG_WARN_EMPTY_BODY = YES;
				CLANG_WARN_ENUM_CONVERSION = YES;
				CLANG_WARN_INFINITE_RECURSION = YES;
				CLANG_WARN_INT_CONVERSION = YES;
				CLANG_WARN_NON_LITERAL_NULL_CONVERSION = YES;
				CLANG_WARN_OBJC_IMPLICIT_RETAIN_SELF = YES;
				CLANG_WARN_OBJC_LITERAL_CONVERSION = YES;
				CLANG_WARN_OBJC_ROOT_CLASS = YES_ERROR;
				CLANG_WARN_QUOTED_INCLUDE_IN_FRAMEWORK_HEADER = YES;
				CLANG_WARN_RANGE_LOOP_ANALYSIS = YES;
				CLANG_WARN_STRICT_PROTOTYPES = YES;
				CLANG_WARN_SUSPICIOUS_MOVE = YES;
				CLANG_WARN_UNGUARDED_AVAILABILITY = YES_AGGRESSIVE;
				CLANG_WARN_UNREACHABLE_CODE = YES;
				CLANG_WARN__DUPLICATE_METHOD_MATCH = YES;
				COPY_PHASE_STRIP = NO;
				DEBUG_INFORMATION_FORMAT = dwarf;
				ENABLE_STRICT_OBJC_MSGSEND = YES;
				ENABLE_TESTABILITY = YES;
				ENABLE_USER_SCRIPT_SANDBOXING = YES;
				GCC_C_LANGUAGE_STANDARD = gnu17;
				GCC_DYNAMIC_NO_PIC = NO;
				GCC_NO_COMMON_BLOCKS = YES;
				GCC_OPTIMIZATION_LEVEL = 0;
				GCC_PREPROCESSOR_DEFINITIONS = (
					"DEBUG=1",
					"$(inherited)",
				);
				GCC_WARN_64_TO_32_BIT_CONVERSION = YES;
				GCC_WARN_ABOUT_RETURN_TYPE = YES_ERROR;
				GCC_WARN_UNDECLARED_SELECTOR = YES;
				GCC_WARN_UNINITIALIZED_AUTOS = YES_AGGRESSIVE;
				GCC_WARN_UNUSED_FUNCTION = YES;
				GCC_WARN_UNUSED_VARIABLE = YES;
				IPHONEOS_DEPLOYMENT_TARGET = 18.0;
				LOCALIZATION_PREFERS_STRING_CATALOGS = YES;
				MTL_ENABLE_DEBUG_INFO = INCLUDE_SOURCE;
				MTL_FAST_MATH = YES;
				ONLY_ACTIVE_ARCH = YES;
				SDKROOT = iphoneos;
				SWIFT_ACTIVE_COMPILATION_CONDITIONS = "DEBUG $(inherited)";
				SWIFT_OPTIMIZATION_LEVEL = "-Onone";
			};
			name = Debug;
		};
		0569E54E2CBF9214003E1F50 /* Release */ = {
			isa = XCBuildConfiguration;
			buildSettings = {
				ALWAYS_SEARCH_USER_PATHS = NO;
				ASSETCATALOG_COMPILER_GENERATE_SWIFT_ASSET_SYMBOL_EXTENSIONS = YES;
				CLANG_ANALYZER_NONNULL = YES;
				CLANG_ANALYZER_NUMBER_OBJECT_CONVERSION = YES_AGGRESSIVE;
				CLANG_CXX_LANGUAGE_STANDARD = "gnu++20";
				CLANG_ENABLE_MODULES = YES;
				CLANG_ENABLE_OBJC_ARC = YES;
				CLANG_ENABLE_OBJC_WEAK = YES;
				CLANG_WARN_BLOCK_CAPTURE_AUTORELEASING = YES;
				CLANG_WARN_BOOL_CONVERSION = YES;
				CLANG_WARN_COMMA = YES;
				CLANG_WARN_CONSTANT_CONVERSION = YES;
				CLANG_WARN_DEPRECATED_OBJC_IMPLEMENTATIONS = YES;
				CLANG_WARN_DIRECT_OBJC_ISA_USAGE = YES_ERROR;
				CLANG_WARN_DOCUMENTATION_COMMENTS = YES;
				CLANG_WARN_EMPTY_BODY = YES;
				CLANG_WARN_ENUM_CONVERSION = YES;
				CLANG_WARN_INFINITE_RECURSION = YES;
				CLANG_WARN_INT_CONVERSION = YES;
				CLANG_WARN_NON_LITERAL_NULL_CONVERSION = YES;
				CLANG_WARN_OBJC_IMPLICIT_RETAIN_SELF = YES;
				CLANG_WARN_OBJC_LITERAL_CONVERSION = YES;
				CLANG_WARN_OBJC_ROOT_CLASS = YES_ERROR;
				CLANG_WARN_QUOTED_INCLUDE_IN_FRAMEWORK_HEADER = YES;
				CLANG_WARN_RANGE_LOOP_ANALYSIS = YES;
				CLANG_WARN_STRICT_PROTOTYPES = YES;
				CLANG_WARN_SUSPICIOUS_MOVE = YES;
				CLANG_WARN_UNGUARDED_AVAILABILITY = YES_AGGRESSIVE;
				CLANG_WARN_UNREACHABLE_CODE = YES;
				CLANG_WARN__DUPLICATE_METHOD_MATCH = YES;
				COPY_PHASE_STRIP = NO;
				DEBUG_INFORMATION_FORMAT = "dwarf-with-dsym";
				ENABLE_NS_ASSERTIONS = NO;
				ENABLE_STRICT_OBJC_MSGSEND = YES;
				ENABLE_USER_SCRIPT_SANDBOXING = YES;
				GCC_C_LANGUAGE_STANDARD = gnu17;
				GCC_NO_COMMON_BLOCKS = YES;
				GCC_WARN_64_TO_32_BIT_CONVERSION = YES;
				GCC_WARN_ABOUT_RETURN_TYPE = YES_ERROR;
				GCC_WARN_UNDECLARED_SELECTOR = YES;
				GCC_WARN_UNINITIALIZED_AUTOS = YES_AGGRESSIVE;
				GCC_WARN_UNUSED_FUNCTION = YES;
				GCC_WARN_UNUSED_VARIABLE = YES;
				IPHONEOS_DEPLOYMENT_TARGET = 18.0;
				LOCALIZATION_PREFERS_STRING_CATALOGS = YES;
				MTL_ENABLE_DEBUG_INFO = NO;
				MTL_FAST_MATH = YES;
				SDKROOT = iphoneos;
				SWIFT_COMPILATION_MODE = wholemodule;
				VALIDATE_PRODUCT = YES;
			};
			name = Release;
		};
		0569E5502CBF9214003E1F50 /* Debug */ = {
			isa = XCBuildConfiguration;
			buildSettings = {
				BUNDLE_LOADER = "$(TEST_HOST)";
				CODE_SIGN_STYLE = Automatic;
				CURRENT_PROJECT_VERSION = 1;
				GENERATE_INFOPLIST_FILE = YES;
				IPHONEOS_DEPLOYMENT_TARGET = 18.0;
				MARKETING_VERSION = 1.0;
				PRODUCT_BUNDLE_IDENTIFIER = com.example.calculatorImplementationTests;
				PRODUCT_NAME = "$(TARGET_NAME)";
				SWIFT_EMIT_LOC_STRINGS = NO;
				SWIFT_VERSION = 5.0;
				TARGETED_DEVICE_FAMILY = "1,2";
				TEST_HOST = "$(BUILT_PRODUCTS_DIR)/calculatorImplementation.app/$(BUNDLE_EXECUTABLE_FOLDER_PATH)/calculatorImplementation";
			};
			name = Debug;
		};
		0569E5512CBF9214003E1F50 /* Release */ = {
			isa = XCBuildConfiguration;
			buildSettings = {
				BUNDLE_LOADER = "$(TEST_HOST)";
				CODE_SIGN_STYLE = Automatic;
				CURRENT_PROJECT_VERSION = 1;
				GENERATE_INFOPLIST_FILE = YES;
				IPHONEOS_DEPLOYMENT_TARGET = 18.0;
				MARKETING_VERSION = 1.0;
				PRODUCT_BUNDLE_IDENTIFIER = com.example.calculatorImplementationTests;
				PRODUCT_NAME = "$(TARGET_NAME)";
				SWIFT_EMIT_LOC_STRINGS = NO;
				SWIFT_VERSION = 5.0;
				TARGETED_DEVICE_FAMILY = "1,2";
				TEST_HOST = "$(BUILT_PRODUCTS_DIR)/calculatorImplementation.app/$(BUNDLE_EXECUTABLE_FOLDER_PATH)/calculatorImplementation";
			};
			name = Release;
		};
		0569E5532CBF9214003E1F50 /* Debug */ = {
			isa = XCBuildConfiguration;
			buildSettings = {
				CODE_SIGN_STYLE = Automatic;
				CURRENT_PROJECT_VERSION = 1;
				GENERATE_INFOPLIST_FILE = YES;
				MARKETING_VERSION = 1.0;
				PRODUCT_BUNDLE_IDENTIFIER = com.example.calculatorImplementationUITests;
				PRODUCT_NAME = "$(TARGET_NAME)";
				SWIFT_EMIT_LOC_STRINGS = NO;
				SWIFT_VERSION = 5.0;
				TARGETED_DEVICE_FAMILY = "1,2";
				TEST_TARGET_NAME = calculatorImplementation;
			};
			name = Debug;
		};
		0569E5542CBF9214003E1F50 /* Release */ = {
			isa = XCBuildConfiguration;
			buildSettings = {
				CODE_SIGN_STYLE = Automatic;
				CURRENT_PROJECT_VERSION = 1;
				GENERATE_INFOPLIST_FILE = YES;
				MARKETING_VERSION = 1.0;
				PRODUCT_BUNDLE_IDENTIFIER = com.example.calculatorImplementationUITests;
				PRODUCT_NAME = "$(TARGET_NAME)";
				SWIFT_EMIT_LOC_STRINGS = NO;
				SWIFT_VERSION = 5.0;
				TARGETED_DEVICE_FAMILY = "1,2";
				TEST_TARGET_NAME = calculatorImplementation;
			};
			name = Release;
		};
/* End XCBuildConfiguration section */

/* Begin XCConfigurationList section */
		0569E51C2CBF9213003E1F50 /* Build configuration list for PBXProject "calculatorImplementation" */ = {
			isa = XCConfigurationList;
			buildConfigurations = (
				0569E54D2CBF9214003E1F50 /* Debug */,
				0569E54E2CBF9214003E1F50 /* Release */,
			);
			defaultConfigurationIsVisible = 0;
			defaultConfigurationName = Release;
		};
		0569E54A2CBF9214003E1F50 /* Build configuration list for PBXNativeTarget "calculatorImplementation" */ = {
			isa = XCConfigurationList;
			buildConfigurations = (
				0569E54B2CBF9214003E1F50 /* Debug */,
				0569E54C2CBF9214003E1F50 /* Release */,
			);
			defaultConfigurationIsVisible = 0;
			defaultConfigurationName = Release;
		};
		0569E54F2CBF9214003E1F50 /* Build configuration list for PBXNativeTarget "calculatorImplementationTests" */ = {
			isa = XCConfigurationList;
			buildConfigurations = (
				0569E5502CBF9214003E1F50 /* Debug */,
				0569E5512CBF9214003E1F50 /* Release */,
			);
			defaultConfigurationIsVisible = 0;
			defaultConfigurationName = Release;
		};
		0569E5522CBF9214003E1F50 /* Build configuration list for PBXNativeTarget "calculatorImplementationUITests" */ = {
			isa = XCConfigurationList;
			buildConfigurations = (
				0569E5532CBF9214003E1F50 /* Debug */,
				0569E5542CBF9214003E1F50 /* Release */,
			);
			defaultConfigurationIsVisible = 0;
			defaultConfigurationName = Release;
		};
/* End XCConfigurationList section */
	};
	rootObject = 0569E5192CBF9213003E1F50 /* Project object */;
}
